// !$*UTF8*$!
{
	archiveVersion = 1;
	classes = {
	};
	objectVersion = 46;
	objects = {

/* Begin PBXBuildFile section */
		32EEA7BF1F39ADC6007A9A8F /* main.m in Sources */ = {isa = PBXBuildFile; fileRef = 32EEA7BE1F39ADC6007A9A8F /* main.m */; };
		32EEA7C21F39ADC6007A9A8F /* AppDelegate.m in Sources */ = {isa = PBXBuildFile; fileRef = 32EEA7C11F39ADC6007A9A8F /* AppDelegate.m */; };
		32EEA7C51F39ADC6007A9A8F /* ViewController.m in Sources */ = {isa = PBXBuildFile; fileRef = 32EEA7C41F39ADC6007A9A8F /* ViewController.m */; };
		32EEA7C81F39ADC6007A9A8F /* Main.storyboard in Resources */ = {isa = PBXBuildFile; fileRef = 32EEA7C61F39ADC6007A9A8F /* Main.storyboard */; };
		32EEA7CA1F39ADC6007A9A8F /* Assets.xcassets in Resources */ = {isa = PBXBuildFile; fileRef = 32EEA7C91F39ADC6007A9A8F /* Assets.xcassets */; };
		32EEA7CD1F39ADC6007A9A8F /* LaunchScreen.storyboard in Resources */ = {isa = PBXBuildFile; fileRef = 32EEA7CB1F39ADC6007A9A8F /* LaunchScreen.storyboard */; };
		32EEA7D81F39ADC6007A9A8F /* __________Tests.m in Sources */ = {isa = PBXBuildFile; fileRef = 32EEA7D71F39ADC6007A9A8F /* __________Tests.m */; };
		32EEA7E31F39ADC6007A9A8F /* __________UITests.m in Sources */ = {isa = PBXBuildFile; fileRef = 32EEA7E21F39ADC6007A9A8F /* __________UITests.m */; };
		32EEA7F21F39AFE1007A9A8F /* BMVC1.m in Sources */ = {isa = PBXBuildFile; fileRef = 32EEA7F11F39AFE1007A9A8F /* BMVC1.m */; };
		32EEA7F51F39AFEA007A9A8F /* BMVC2.m in Sources */ = {isa = PBXBuildFile; fileRef = 32EEA7F41F39AFEA007A9A8F /* BMVC2.m */; };
		32EEA7F81F39B0E9007A9A8F /* BMVC3.m in Sources */ = {isa = PBXBuildFile; fileRef = 32EEA7F71F39B0E9007A9A8F /* BMVC3.m */; };
/* End PBXBuildFile section */

/* Begin PBXContainerItemProxy section */
		32EEA7D41F39ADC6007A9A8F /* PBXContainerItemProxy */ = {
			isa = PBXContainerItemProxy;
			containerPortal = 32EEA7B21F39ADC6007A9A8F /* Project object */;
			proxyType = 1;
			remoteGlobalIDString = 32EEA7B91F39ADC6007A9A8F;
			remoteInfo = "启动隐藏-界面自定义";
		};
		32EEA7DF1F39ADC6007A9A8F /* PBXContainerItemProxy */ = {
			isa = PBXContainerItemProxy;
			containerPortal = 32EEA7B21F39ADC6007A9A8F /* Project object */;
			proxyType = 1;
			remoteGlobalIDString = 32EEA7B91F39ADC6007A9A8F;
			remoteInfo = "启动隐藏-界面自定义";
		};
/* End PBXContainerItemProxy section */

/* Begin PBXFileReference section */
		32EEA7BA1F39ADC6007A9A8F /* 启动隐藏-界面自定义.app */ = {isa = PBXFileReference; explicitFileType = wrapper.application; includeInIndex = 0; path = "启动隐藏-界面自定义.app"; sourceTree = BUILT_PRODUCTS_DIR; };
		32EEA7BE1F39ADC6007A9A8F /* main.m */ = {isa = PBXFileReference; lastKnownFileType = sourcecode.c.objc; path = main.m; sourceTree = "<group>"; };
		32EEA7C01F39ADC6007A9A8F /* AppDelegate.h */ = {isa = PBXFileReference; lastKnownFileType = sourcecode.c.h; path = AppDelegate.h; sourceTree = "<group>"; };
		32EEA7C11F39ADC6007A9A8F /* AppDelegate.m */ = {isa = PBXFileReference; lastKnownFileType = sourcecode.c.objc; path = AppDelegate.m; sourceTree = "<group>"; };
		32EEA7C31F39ADC6007A9A8F /* ViewController.h */ = {isa = PBXFileReference; lastKnownFileType = sourcecode.c.h; path = ViewController.h; sourceTree = "<group>"; };
		32EEA7C41F39ADC6007A9A8F /* ViewController.m */ = {isa = PBXFileReference; lastKnownFileType = sourcecode.c.objc; path = ViewController.m; sourceTree = "<group>"; };
		32EEA7C71F39ADC6007A9A8F /* Base */ = {isa = PBXFileReference; lastKnownFileType = file.storyboard; name = Base; path = Base.lproj/Main.storyboard; sourceTree = "<group>"; };
		32EEA7C91F39ADC6007A9A8F /* Assets.xcassets */ = {isa = PBXFileReference; lastKnownFileType = folder.assetcatalog; path = Assets.xcassets; sourceTree = "<group>"; };
		32EEA7CC1F39ADC6007A9A8F /* Base */ = {isa = PBXFileReference; lastKnownFileType = file.storyboard; name = Base; path = Base.lproj/LaunchScreen.storyboard; sourceTree = "<group>"; };
		32EEA7CE1F39ADC6007A9A8F /* Info.plist */ = {isa = PBXFileReference; lastKnownFileType = text.plist.xml; path = Info.plist; sourceTree = "<group>"; };
		32EEA7D31F39ADC6007A9A8F /* 启动隐藏-界面自定义Tests.xctest */ = {isa = PBXFileReference; explicitFileType = wrapper.cfbundle; includeInIndex = 0; path = "启动隐藏-界面自定义Tests.xctest"; sourceTree = BUILT_PRODUCTS_DIR; };
		32EEA7D71F39ADC6007A9A8F /* __________Tests.m */ = {isa = PBXFileReference; lastKnownFileType = sourcecode.c.objc; path = "__________Tests.m"; sourceTree = "<group>"; };
		32EEA7D91F39ADC6007A9A8F /* Info.plist */ = {isa = PBXFileReference; lastKnownFileType = text.plist.xml; path = Info.plist; sourceTree = "<group>"; };
		32EEA7DE1F39ADC6007A9A8F /* 启动隐藏-界面自定义UITests.xctest */ = {isa = PBXFileReference; explicitFileType = wrapper.cfbundle; includeInIndex = 0; path = "启动隐藏-界面自定义UITests.xctest"; sourceTree = BUILT_PRODUCTS_DIR; };
		32EEA7E21F39ADC6007A9A8F /* __________UITests.m */ = {isa = PBXFileReference; lastKnownFileType = sourcecode.c.objc; path = "__________UITests.m"; sourceTree = "<group>"; };
		32EEA7E41F39ADC6007A9A8F /* Info.plist */ = {isa = PBXFileReference; lastKnownFileType = text.plist.xml; path = Info.plist; sourceTree = "<group>"; };
		32EEA7F01F39AFE1007A9A8F /* BMVC1.h */ = {isa = PBXFileReference; fileEncoding = 4; lastKnownFileType = sourcecode.c.h; path = BMVC1.h; sourceTree = "<group>"; };
		32EEA7F11F39AFE1007A9A8F /* BMVC1.m */ = {isa = PBXFileReference; fileEncoding = 4; lastKnownFileType = sourcecode.c.objc; path = BMVC1.m; sourceTree = "<group>"; };
		32EEA7F31F39AFEA007A9A8F /* BMVC2.h */ = {isa = PBXFileReference; fileEncoding = 4; lastKnownFileType = sourcecode.c.h; path = BMVC2.h; sourceTree = "<group>"; };
		32EEA7F41F39AFEA007A9A8F /* BMVC2.m */ = {isa = PBXFileReference; fileEncoding = 4; lastKnownFileType = sourcecode.c.objc; path = BMVC2.m; sourceTree = "<group>"; };
		32EEA7F61F39B0E9007A9A8F /* BMVC3.h */ = {isa = PBXFileReference; fileEncoding = 4; lastKnownFileType = sourcecode.c.h; path = BMVC3.h; sourceTree = "<group>"; };
		32EEA7F71F39B0E9007A9A8F /* BMVC3.m */ = {isa = PBXFileReference; fileEncoding = 4; lastKnownFileType = sourcecode.c.objc; path = BMVC3.m; sourceTree = "<group>"; };
/* End PBXFileReference section */

/* Begin PBXFrameworksBuildPhase section */
		32EEA7B71F39ADC6007A9A8F /* Frameworks */ = {
			isa = PBXFrameworksBuildPhase;
			buildActionMask = 2147483647;
			files = (
			);
			runOnlyForDeploymentPostprocessing = 0;
		};
		32EEA7D01F39ADC6007A9A8F /* Frameworks */ = {
			isa = PBXFrameworksBuildPhase;
			buildActionMask = 2147483647;
			files = (
			);
			runOnlyForDeploymentPostprocessing = 0;
		};
		32EEA7DB1F39ADC6007A9A8F /* Frameworks */ = {
			isa = PBXFrameworksBuildPhase;
			buildActionMask = 2147483647;
			files = (
			);
			runOnlyForDeploymentPostprocessing = 0;
		};
/* End PBXFrameworksBuildPhase section */

/* Begin PBXGroup section */
		32EEA7B11F39ADC6007A9A8F = {
			isa = PBXGroup;
			children = (
				32EEA7BC1F39ADC6007A9A8F /* 启动隐藏-界面自定义 */,
				32EEA7D61F39ADC6007A9A8F /* 启动隐藏-界面自定义Tests */,
				32EEA7E11F39ADC6007A9A8F /* 启动隐藏-界面自定义UITests */,
				32EEA7BB1F39ADC6007A9A8F /* Products */,
			);
			sourceTree = "<group>";
		};
		32EEA7BB1F39ADC6007A9A8F /* Products */ = {
			isa = PBXGroup;
			children = (
				32EEA7BA1F39ADC6007A9A8F /* 启动隐藏-界面自定义.app */,
				32EEA7D31F39ADC6007A9A8F /* 启动隐藏-界面自定义Tests.xctest */,
				32EEA7DE1F39ADC6007A9A8F /* 启动隐藏-界面自定义UITests.xctest */,
			);
			name = Products;
			sourceTree = "<group>";
		};
		32EEA7BC1F39ADC6007A9A8F /* 启动隐藏-界面自定义 */ = {
			isa = PBXGroup;
			children = (
				32EEA7C01F39ADC6007A9A8F /* AppDelegate.h */,
				32EEA7C11F39ADC6007A9A8F /* AppDelegate.m */,
				32EEA7C31F39ADC6007A9A8F /* ViewController.h */,
				32EEA7C41F39ADC6007A9A8F /* ViewController.m */,
				32EEA7F01F39AFE1007A9A8F /* BMVC1.h */,
				32EEA7F11F39AFE1007A9A8F /* BMVC1.m */,
				32EEA7F31F39AFEA007A9A8F /* BMVC2.h */,
				32EEA7F41F39AFEA007A9A8F /* BMVC2.m */,
				32EEA7F61F39B0E9007A9A8F /* BMVC3.h */,
				32EEA7F71F39B0E9007A9A8F /* BMVC3.m */,
				32EEA7C61F39ADC6007A9A8F /* Main.storyboard */,
				32EEA7C91F39ADC6007A9A8F /* Assets.xcassets */,
				32EEA7CB1F39ADC6007A9A8F /* LaunchScreen.storyboard */,
				32EEA7CE1F39ADC6007A9A8F /* Info.plist */,
				32EEA7BD1F39ADC6007A9A8F /* Supporting Files */,
			);
			path = "启动隐藏-界面自定义";
			sourceTree = "<group>";
		};
		32EEA7BD1F39ADC6007A9A8F /* Supporting Files */ = {
			isa = PBXGroup;
			children = (
				32EEA7BE1F39ADC6007A9A8F /* main.m */,
			);
			name = "Supporting Files";
			sourceTree = "<group>";
		};
		32EEA7D61F39ADC6007A9A8F /* 启动隐藏-界面自定义Tests */ = {
			isa = PBXGroup;
			children = (
				32EEA7D71F39ADC6007A9A8F /* __________Tests.m */,
				32EEA7D91F39ADC6007A9A8F /* Info.plist */,
			);
			path = "启动隐藏-界面自定义Tests";
			sourceTree = "<group>";
		};
		32EEA7E11F39ADC6007A9A8F /* 启动隐藏-界面自定义UITests */ = {
			isa = PBXGroup;
			children = (
				32EEA7E21F39ADC6007A9A8F /* __________UITests.m */,
				32EEA7E41F39ADC6007A9A8F /* Info.plist */,
			);
			path = "启动隐藏-界面自定义UITests";
			sourceTree = "<group>";
		};
/* End PBXGroup section */

/* Begin PBXNativeTarget section */
		32EEA7B91F39ADC6007A9A8F /* 启动隐藏-界面自定义 */ = {
			isa = PBXNativeTarget;
			buildConfigurationList = 32EEA7E71F39ADC6007A9A8F /* Build configuration list for PBXNativeTarget "启动隐藏-界面自定义" */;
			buildPhases = (
				32EEA7B61F39ADC6007A9A8F /* Sources */,
				32EEA7B71F39ADC6007A9A8F /* Frameworks */,
				32EEA7B81F39ADC6007A9A8F /* Resources */,
			);
			buildRules = (
			);
			dependencies = (
			);
			name = "启动隐藏-界面自定义";
			productName = "启动隐藏-界面自定义";
			productReference = 32EEA7BA1F39ADC6007A9A8F /* 启动隐藏-界面自定义.app */;
			productType = "com.apple.product-type.application";
		};
		32EEA7D21F39ADC6007A9A8F /* 启动隐藏-界面自定义Tests */ = {
			isa = PBXNativeTarget;
			buildConfigurationList = 32EEA7EA1F39ADC6007A9A8F /* Build configuration list for PBXNativeTarget "启动隐藏-界面自定义Tests" */;
			buildPhases = (
				32EEA7CF1F39ADC6007A9A8F /* Sources */,
				32EEA7D01F39ADC6007A9A8F /* Frameworks */,
				32EEA7D11F39ADC6007A9A8F /* Resources */,
			);
			buildRules = (
			);
			dependencies = (
				32EEA7D51F39ADC6007A9A8F /* PBXTargetDependency */,
			);
			name = "启动隐藏-界面自定义Tests";
			productName = "启动隐藏-界面自定义Tests";
			productReference = 32EEA7D31F39ADC6007A9A8F /* 启动隐藏-界面自定义Tests.xctest */;
			productType = "com.apple.product-type.bundle.unit-test";
		};
		32EEA7DD1F39ADC6007A9A8F /* 启动隐藏-界面自定义UITests */ = {
			isa = PBXNativeTarget;
			buildConfigurationList = 32EEA7ED1F39ADC6007A9A8F /* Build configuration list for PBXNativeTarget "启动隐藏-界面自定义UITests" */;
			buildPhases = (
				32EEA7DA1F39ADC6007A9A8F /* Sources */,
				32EEA7DB1F39ADC6007A9A8F /* Frameworks */,
				32EEA7DC1F39ADC6007A9A8F /* Resources */,
			);
			buildRules = (
			);
			dependencies = (
				32EEA7E01F39ADC6007A9A8F /* PBXTargetDependency */,
			);
			name = "启动隐藏-界面自定义UITests";
			productName = "启动隐藏-界面自定义UITests";
			productReference = 32EEA7DE1F39ADC6007A9A8F /* 启动隐藏-界面自定义UITests.xctest */;
			productType = "com.apple.product-type.bundle.ui-testing";
		};
/* End PBXNativeTarget section */

/* Begin PBXProject section */
		32EEA7B21F39ADC6007A9A8F /* Project object */ = {
			isa = PBXProject;
			attributes = {
				LastUpgradeCheck = 0830;
				ORGANIZATIONNAME = "___liangdahong";
				TargetAttributes = {
					32EEA7B91F39ADC6007A9A8F = {
						CreatedOnToolsVersion = 8.3.3;
						DevelopmentTeam = 8RB35RM424;
						ProvisioningStyle = Automatic;
					};
					32EEA7D21F39ADC6007A9A8F = {
						CreatedOnToolsVersion = 8.3.3;
						DevelopmentTeam = 8RB35RM424;
						ProvisioningStyle = Automatic;
						TestTargetID = 32EEA7B91F39ADC6007A9A8F;
					};
					32EEA7DD1F39ADC6007A9A8F = {
						CreatedOnToolsVersion = 8.3.3;
						DevelopmentTeam = 8RB35RM424;
						ProvisioningStyle = Automatic;
						TestTargetID = 32EEA7B91F39ADC6007A9A8F;
					};
				};
			};
			buildConfigurationList = 32EEA7B51F39ADC6007A9A8F /* Build configuration list for PBXProject "启动隐藏-界面自定义" */;
			compatibilityVersion = "Xcode 3.2";
			developmentRegion = English;
			hasScannedForEncodings = 0;
			knownRegions = (
				en,
				Base,
			);
			mainGroup = 32EEA7B11F39ADC6007A9A8F;
			productRefGroup = 32EEA7BB1F39ADC6007A9A8F /* Products */;
			projectDirPath = "";
			projectRoot = "";
			targets = (
				32EEA7B91F39ADC6007A9A8F /* 启动隐藏-界面自定义 */,
				32EEA7D21F39ADC6007A9A8F /* 启动隐藏-界面自定义Tests */,
				32EEA7DD1F39ADC6007A9A8F /* 启动隐藏-界面自定义UITests */,
			);
		};
/* End PBXProject section */

/* Begin PBXResourcesBuildPhase section */
		32EEA7B81F39ADC6007A9A8F /* Resources */ = {
			isa = PBXResourcesBuildPhase;
			buildActionMask = 2147483647;
			files = (
				32EEA7CD1F39ADC6007A9A8F /* LaunchScreen.storyboard in Resources */,
				32EEA7CA1F39ADC6007A9A8F /* Assets.xcassets in Resources */,
				32EEA7C81F39ADC6007A9A8F /* Main.storyboard in Resources */,
			);
			runOnlyForDeploymentPostprocessing = 0;
		};
		32EEA7D11F39ADC6007A9A8F /* Resources */ = {
			isa = PBXResourcesBuildPhase;
			buildActionMask = 2147483647;
			files = (
			);
			runOnlyForDeploymentPostprocessing = 0;
		};
		32EEA7DC1F39ADC6007A9A8F /* Resources */ = {
			isa = PBXResourcesBuildPhase;
			buildActionMask = 2147483647;
			files = (
			);
			runOnlyForDeploymentPostprocessing = 0;
		};
/* End PBXResourcesBuildPhase section */

/* Begin PBXSourcesBuildPhase section */
		32EEA7B61F39ADC6007A9A8F /* Sources */ = {
			isa = PBXSourcesBuildPhase;
			buildActionMask = 2147483647;
			files = (
				32EEA7C51F39ADC6007A9A8F /* ViewController.m in Sources */,
				32EEA7C21F39ADC6007A9A8F /* AppDelegate.m in Sources */,
				32EEA7BF1F39ADC6007A9A8F /* main.m in Sources */,
				32EEA7F81F39B0E9007A9A8F /* BMVC3.m in Sources */,
				32EEA7F21F39AFE1007A9A8F /* BMVC1.m in Sources */,
				32EEA7F51F39AFEA007A9A8F /* BMVC2.m in Sources */,
			);
			runOnlyForDeploymentPostprocessing = 0;
		};
		32EEA7CF1F39ADC6007A9A8F /* Sources */ = {
			isa = PBXSourcesBuildPhase;
			buildActionMask = 2147483647;
			files = (
				32EEA7D81F39ADC6007A9A8F /* __________Tests.m in Sources */,
			);
			runOnlyForDeploymentPostprocessing = 0;
		};
		32EEA7DA1F39ADC6007A9A8F /* Sources */ = {
			isa = PBXSourcesBuildPhase;
			buildActionMask = 2147483647;
			files = (
				32EEA7E31F39ADC6007A9A8F /* __________UITests.m in Sources */,
			);
			runOnlyForDeploymentPostprocessing = 0;
		};
/* End PBXSourcesBuildPhase section */

/* Begin PBXTargetDependency section */
		32EEA7D51F39ADC6007A9A8F /* PBXTargetDependency */ = {
			isa = PBXTargetDependency;
			target = 32EEA7B91F39ADC6007A9A8F /* 启动隐藏-界面自定义 */;
			targetProxy = 32EEA7D41F39ADC6007A9A8F /* PBXContainerItemProxy */;
		};
		32EEA7E01F39ADC6007A9A8F /* PBXTargetDependency */ = {
			isa = PBXTargetDependency;
			target = 32EEA7B91F39ADC6007A9A8F /* 启动隐藏-界面自定义 */;
			targetProxy = 32EEA7DF1F39ADC6007A9A8F /* PBXContainerItemProxy */;
		};
/* End PBXTargetDependency section */

/* Begin PBXVariantGroup section */
		32EEA7C61F39ADC6007A9A8F /* Main.storyboard */ = {
			isa = PBXVariantGroup;
			children = (
				32EEA7C71F39ADC6007A9A8F /* Base */,
			);
			name = Main.storyboard;
			sourceTree = "<group>";
		};
		32EEA7CB1F39ADC6007A9A8F /* LaunchScreen.storyboard */ = {
			isa = PBXVariantGroup;
			children = (
				32EEA7CC1F39ADC6007A9A8F /* Base */,
			);
			name = LaunchScreen.storyboard;
			sourceTree = "<group>";
		};
/* End PBXVariantGroup section */

/* Begin XCBuildConfiguration section */
		32EEA7E51F39ADC6007A9A8F /* Debug */ = {
			isa = XCBuildConfiguration;
			buildSettings = {
				ALWAYS_SEARCH_USER_PATHS = NO;
				CLANG_ANALYZER_NONNULL = YES;
				CLANG_ANALYZER_NUMBER_OBJECT_CONVERSION = YES_AGGRESSIVE;
				CLANG_CXX_LANGUAGE_STANDARD = "gnu++0x";
				CLANG_CXX_LIBRARY = "libc++";
				CLANG_ENABLE_MODULES = YES;
				CLANG_ENABLE_OBJC_ARC = YES;
				CLANG_WARN_BOOL_CONVERSION = YES;
				CLANG_WARN_CONSTANT_CONVERSION = YES;
				CLANG_WARN_DIRECT_OBJC_ISA_USAGE = YES_ERROR;
				CLANG_WARN_DOCUMENTATION_COMMENTS = YES;
				CLANG_WARN_EMPTY_BODY = YES;
				CLANG_WARN_ENUM_CONVERSION = YES;
				CLANG_WARN_INFINITE_RECURSION = YES;
				CLANG_WARN_INT_CONVERSION = YES;
				CLANG_WARN_OBJC_ROOT_CLASS = YES_ERROR;
				CLANG_WARN_SUSPICIOUS_MOVE = YES;
				CLANG_WARN_UNREACHABLE_CODE = YES;
				CLANG_WARN__DUPLICATE_METHOD_MATCH = YES;
				"CODE_SIGN_IDENTITY[sdk=iphoneos*]" = "iPhone Developer";
				COPY_PHASE_STRIP = NO;
				DEBUG_INFORMATION_FORMAT = dwarf;
				ENABLE_STRICT_OBJC_MSGSEND = YES;
				ENABLE_TESTABILITY = YES;
				GCC_C_LANGUAGE_STANDARD = gnu99;
				GCC_DYNAMIC_NO_PIC = NO;
				GCC_NO_COMMON_BLOCKS = YES;
				GCC_OPTIMIZATION_LEVEL = 0;
				GCC_PREPROCESSOR_DEFINITIONS = (
					"DEBUG=1",
					"$(inherited)",
				);
				GCC_WARN_64_TO_32_BIT_CONVERSION = YES;
				GCC_WARN_ABOUT_RETURN_TYPE = YES_ERROR;
				GCC_WARN_UNDECLARED_SELECTOR = YES;
				GCC_WARN_UNINITIALIZED_AUTOS = YES_AGGRESSIVE;
				GCC_WARN_UNUSED_FUNCTION = YES;
				GCC_WARN_UNUSED_VARIABLE = YES;
				IPHONEOS_DEPLOYMENT_TARGET = 10.3;
				MTL_ENABLE_DEBUG_INFO = YES;
				ONLY_ACTIVE_ARCH = YES;
				SDKROOT = iphoneos;
				TARGETED_DEVICE_FAMILY = "1,2";
			};
			name = Debug;
		};
		32EEA7E61F39ADC6007A9A8F /* Release */ = {
			isa = XCBuildConfiguration;
			buildSettings = {
				ALWAYS_SEARCH_USER_PATHS = NO;
				CLANG_ANALYZER_NONNULL = YES;
				CLANG_ANALYZER_NUMBER_OBJECT_CONVERSION = YES_AGGRESSIVE;
				CLANG_CXX_LANGUAGE_STANDARD = "gnu++0x";
				CLANG_CXX_LIBRARY = "libc++";
				CLANG_ENABLE_MODULES = YES;
				CLANG_ENABLE_OBJC_ARC = YES;
				CLANG_WARN_BOOL_CONVERSION = YES;
				CLANG_WARN_CONSTANT_CONVERSION = YES;
				CLANG_WARN_DIRECT_OBJC_ISA_USAGE = YES_ERROR;
				CLANG_WARN_DOCUMENTATION_COMMENTS = YES;
				CLANG_WARN_EMPTY_BODY = YES;
				CLANG_WARN_ENUM_CONVERSION = YES;
				CLANG_WARN_INFINITE_RECURSION = YES;
				CLANG_WARN_INT_CONVERSION = YES;
				CLANG_WARN_OBJC_ROOT_CLASS = YES_ERROR;
				CLANG_WARN_SUSPICIOUS_MOVE = YES;
				CLANG_WARN_UNREACHABLE_CODE = YES;
				CLANG_WARN__DUPLICATE_METHOD_MATCH = YES;
				"CODE_SIGN_IDENTITY[sdk=iphoneos*]" = "iPhone Developer";
				COPY_PHASE_STRIP = NO;
				DEBUG_INFORMATION_FORMAT = "dwarf-with-dsym";
				ENABLE_NS_ASSERTIONS = NO;
				ENABLE_STRICT_OBJC_MSGSEND = YES;
				GCC_C_LANGUAGE_STANDARD = gnu99;
				GCC_NO_COMMON_BLOCKS = YES;
				GCC_WARN_64_TO_32_BIT_CONVERSION = YES;
				GCC_WARN_ABOUT_RETURN_TYPE = YES_ERROR;
				GCC_WARN_UNDECLARED_SELECTOR = YES;
				GCC_WARN_UNINITIALIZED_AUTOS = YES_AGGRESSIVE;
				GCC_WARN_UNUSED_FUNCTION = YES;
				GCC_WARN_UNUSED_VARIABLE = YES;
				IPHONEOS_DEPLOYMENT_TARGET = 10.3;
				MTL_ENABLE_DEBUG_INFO = NO;
				SDKROOT = iphoneos;
				TARGETED_DEVICE_FAMILY = "1,2";
				VALIDATE_PRODUCT = YES;
			};
			name = Release;
		};
		32EEA7E81F39ADC6007A9A8F /* Debug */ = {
			isa = XCBuildConfiguration;
			buildSettings = {
				ASSETCATALOG_COMPILER_APPICON_NAME = AppIcon;
				DEVELOPMENT_TEAM = 8RB35RM424;
				INFOPLIST_FILE = "启动隐藏-界面自定义/Info.plist";
				LD_RUNPATH_SEARCH_PATHS = "$(inherited) @executable_path/Frameworks";
				PRODUCT_BUNDLE_IDENTIFIER = "com.idhong.----------";
				PRODUCT_NAME = "$(TARGET_NAME)";
			};
			name = Debug;
		};
		32EEA7E91F39ADC6007A9A8F /* Release */ = {
			isa = XCBuildConfiguration;
			buildSettings = {
				ASSETCATALOG_COMPILER_APPICON_NAME = AppIcon;
				DEVELOPMENT_TEAM = 8RB35RM424;
				INFOPLIST_FILE = "启动隐藏-界面自定义/Info.plist";
				LD_RUNPATH_SEARCH_PATHS = "$(inherited) @executable_path/Frameworks";
				PRODUCT_BUNDLE_IDENTIFIER = "com.idhong.----------";
				PRODUCT_NAME = "$(TARGET_NAME)";
			};
			name = Release;
		};
		32EEA7EB1F39ADC6007A9A8F /* Debug */ = {
			isa = XCBuildConfiguration;
			buildSettings = {
				BUNDLE_LOADER = "$(TEST_HOST)";
				DEVELOPMENT_TEAM = 8RB35RM424;
				INFOPLIST_FILE = "启动隐藏-界面自定义Tests/Info.plist";
				LD_RUNPATH_SEARCH_PATHS = "$(inherited) @executable_path/Frameworks @loader_path/Frameworks";
				PRODUCT_BUNDLE_IDENTIFIER = "com.idhong.----------Tests";
				PRODUCT_NAME = "$(TARGET_NAME)";
				TEST_HOST = "$(BUILT_PRODUCTS_DIR)/启动隐藏-界面自定义.app/启动隐藏-界面自定义";
			};
			name = Debug;
		};
		32EEA7EC1F39ADC6007A9A8F /* Release */ = {
			isa = XCBuildConfiguration;
			buildSettings = {
				BUNDLE_LOADER = "$(TEST_HOST)";
				DEVELOPMENT_TEAM = 8RB35RM424;
				INFOPLIST_FILE = "启动隐藏-界面自定义Tests/Info.plist";
				LD_RUNPATH_SEARCH_PATHS = "$(inherited) @executable_path/Frameworks @loader_path/Frameworks";
				PRODUCT_BUNDLE_IDENTIFIER = "com.idhong.----------Tests";
				PRODUCT_NAME = "$(TARGET_NAME)";
				TEST_HOST = "$(BUILT_PRODUCTS_DIR)/启动隐藏-界面自定义.app/启动隐藏-界面自定义";
			};
			name = Release;
		};
		32EEA7EE1F39ADC6007A9A8F /* Debug */ = {
			isa = XCBuildConfiguration;
			buildSettings = {
				DEVELOPMENT_TEAM = 8RB35RM424;
				INFOPLIST_FILE = "启动隐藏-界面自定义UITests/Info.plist";
				LD_RUNPATH_SEARCH_PATHS = "$(inherited) @executable_path/Frameworks @loader_path/Frameworks";
				PRODUCT_BUNDLE_IDENTIFIER = "com.idhong.----------UITests";
				PRODUCT_NAME = "$(TARGET_NAME)";
				TEST_TARGET_NAME = "启动隐藏-界面自定义";
			};
			name = Debug;
		};
		32EEA7EF1F39ADC6007A9A8F /* Release */ = {
			isa = XCBuildConfiguration;
			buildSettings = {
				DEVELOPMENT_TEAM = 8RB35RM424;
				INFOPLIST_FILE = "启动隐藏-界面自定义UITests/Info.plist";
				LD_RUNPATH_SEARCH_PATHS = "$(inherited) @executable_path/Frameworks @loader_path/Frameworks";
				PRODUCT_BUNDLE_IDENTIFIER = "com.idhong.----------UITests";
				PRODUCT_NAME = "$(TARGET_NAME)";
				TEST_TARGET_NAME = "启动隐藏-界面自定义";
			};
			name = Release;
		};
/* End XCBuildConfiguration section */

/* Begin XCConfigurationList section */
		32EEA7B51F39ADC6007A9A8F /* Build configuration list for PBXProject "启动隐藏-界面自定义" */ = {
			isa = XCConfigurationList;
			buildConfigurations = (
				32EEA7E51F39ADC6007A9A8F /* Debug */,
				32EEA7E61F39ADC6007A9A8F /* Release */,
			);
			defaultConfigurationIsVisible = 0;
			defaultConfigurationName = Release;
		};
		32EEA7E71F39ADC6007A9A8F /* Build configuration list for PBXNativeTarget "启动隐藏-界面自定义" */ = {
			isa = XCConfigurationList;
			buildConfigurations = (
				32EEA7E81F39ADC6007A9A8F /* Debug */,
				32EEA7E91F39ADC6007A9A8F /* Release */,
			);
			defaultConfigurationIsVisible = 0;
			defaultConfigurationName = Release;
		};
		32EEA7EA1F39ADC6007A9A8F /* Build configuration list for PBXNativeTarget "启动隐藏-界面自定义Tests" */ = {
			isa = XCConfigurationList;
			buildConfigurations = (
				32EEA7EB1F39ADC6007A9A8F /* Debug */,
				32EEA7EC1F39ADC6007A9A8F /* Release */,
			);
			defaultConfigurationIsVisible = 0;
			defaultConfigurationName = Release;
		};
		32EEA7ED1F39ADC6007A9A8F /* Build configuration list for PBXNativeTarget "启动隐藏-界面自定义UITests" */ = {
			isa = XCConfigurationList;
			buildConfigurations = (
				32EEA7EE1F39ADC6007A9A8F /* Debug */,
				32EEA7EF1F39ADC6007A9A8F /* Release */,
			);
			defaultConfigurationIsVisible = 0;
			defaultConfigurationName = Release;
		};
/* End XCConfigurationList section */
	};
	rootObject = 32EEA7B21F39ADC6007A9A8F /* Project object */;
}
